
Microsoft Visual Studio Solution File, Format Version 12.00
# Visual Studio Version 16
VisualStudioVersion = 25.0.1704.2
MinimumVisualStudioVersion = 10.0.40219.1
Project("{FAE04EC0-301F-11D3-BF4B-00C04F79EFBC}") = "T2204M_ASPNETMVC", "T2204M_ASPNETMVC.csproj", "{0266523D-0292-4B00-9BAA-DDCE130FAE7E}"
EndProject
Global
	GlobalSection(SolutionConfigurationPlatforms) = preSolution
		Debug|Any CPU = Debug|Any CPU
		Release|Any CPU = Release|Any CPU
	EndGlobalSection
	GlobalSection(ProjectConfigurationPlatforms) = postSolution
		{0266523D-0292-4B00-9BAA-DDCE130FAE7E}.Debug|Any CPU.ActiveCfg = Debug|Any CPU
		{0266523D-0292-4B00-9BAA-DDCE130FAE7E}.Debug|Any CPU.Build.0 = Debug|Any CPU
		{0266523D-0292-4B00-9BAA-DDCE130FAE7E}.Release|Any CPU.ActiveCfg = Release|Any CPU
		{0266523D-0292-4B00-9BAA-DDCE130FAE7E}.Release|Any CPU.Build.0 = Release|Any CPU
	EndGlobalSection
	GlobalSection(SolutionProperties) = preSolution
		HideSolutionNode = FALSE
	EndGlobalSection
	GlobalSection(ExtensibilityGlobals) = postSolution
		SolutionGuid = {236C846D-23C5-496B-B4CA-3DFA0A20A78B}
	EndGlobalSection
EndGlobal
